
Microsoft Visual Studio Solution File, Format Version 12.00
# Visual Studio 15
VisualStudioVersion = 15.0.28307.1778
MinimumVisualStudioVersion = 10.0.40219.1
Project("{FAE04EC0-301F-11D3-BF4B-00C04F79EFBC}") = "digitar_ate_zero", "digitar_ate_zero\digitar_ate_zero.csproj", "{EF1887D1-55E1-489C-8E56-2213CD5A37E9}"
EndProject
Global
	GlobalSection(SolutionConfigurationPlatforms) = preSolution
		Debug|Any CPU = Debug|Any CPU
		Release|Any CPU = Release|Any CPU
	EndGlobalSection
	GlobalSection(ProjectConfigurationPlatforms) = postSolution
		{EF1887D1-55E1-489C-8E56-2213CD5A37E9}.Debug|Any CPU.ActiveCfg = Debug|Any CPU
		{EF1887D1-55E1-489C-8E56-2213CD5A37E9}.Debug|Any CPU.Build.0 = Debug|Any CPU
		{EF1887D1-55E1-489C-8E56-2213CD5A37E9}.Release|Any CPU.ActiveCfg = Release|Any CPU
		{EF1887D1-55E1-489C-8E56-2213CD5A37E9}.Release|Any CPU.Build.0 = Release|Any CPU
	EndGlobalSection
	GlobalSection(SolutionProperties) = preSolution
		HideSolutionNode = FALSE
	EndGlobalSection
	GlobalSection(ExtensibilityGlobals) = postSolution
		SolutionGuid = {84162792-E438-4991-A18E-920D9B4AA40E}
	EndGlobalSection
EndGlobal
